
Microsoft Visual Studio Solution File, Format Version 12.00
Project("{FAE04EC0-301F-11D3-BF4B-00C04F79EFBC}") = "BTD6SaveMenu", "BTD6SaveMenu.csproj", "{EB9E7753-A4D2-47E8-8024-8EF042558A88}"
EndProject
Global
	GlobalSection(SolutionConfigurationPlatforms) = preSolution
		Debug|Any CPU = Debug|Any CPU
		Release|Any CPU = Release|Any CPU
	EndGlobalSection
	GlobalSection(ProjectConfigurationPlatforms) = postSolution
		{EB9E7753-A4D2-47E8-8024-8EF042558A88}.Release|Any CPU.ActiveCfg = Release|Any CPU
		{EB9E7753-A4D2-47E8-8024-8EF042558A88}.Release|Any CPU.Build.0 = Release|Any CPU
		{EB9E7753-A4D2-47E8-8024-8EF042558A88}.Debug|Any CPU.ActiveCfg = Net6Release|Any CPU
		{EB9E7753-A4D2-47E8-8024-8EF042558A88}.Debug|Any CPU.Build.0 = Net6Release|Any CPU
	EndGlobalSection
EndGlobal
